
Microsoft Visual Studio Solution File, Format Version 12.00
# Visual Studio Version 17
VisualStudioVersion = 17.2.32526.322
MinimumVisualStudioVersion = 10.0.40219.1
Project("{FAE04EC0-301F-11D3-BF4B-00C04F79EFBC}") = "PlayStationOtomasyon", "PlayStationOtomasyon\PlayStationOtomasyon.csproj", "{6EAE1A89-8085-440B-B964-9C648D8B0721}"
EndProject
Global
	GlobalSection(SolutionConfigurationPlatforms) = preSolution
		Debug|Any CPU = Debug|Any CPU
		Release|Any CPU = Release|Any CPU
	EndGlobalSection
	GlobalSection(ProjectConfigurationPlatforms) = postSolution
		{6EAE1A89-8085-440B-B964-9C648D8B0721}.Debug|Any CPU.ActiveCfg = Debug|Any CPU
		{6EAE1A89-8085-440B-B964-9C648D8B0721}.Debug|Any CPU.Build.0 = Debug|Any CPU
		{6EAE1A89-8085-440B-B964-9C648D8B0721}.Release|Any CPU.ActiveCfg = Release|Any CPU
		{6EAE1A89-8085-440B-B964-9C648D8B0721}.Release|Any CPU.Build.0 = Release|Any CPU
	EndGlobalSection
	GlobalSection(SolutionProperties) = preSolution
		HideSolutionNode = FALSE
	EndGlobalSection
	GlobalSection(ExtensibilityGlobals) = postSolution
		SolutionGuid = {8CAD39EA-4E30-47E9-9794-CA73C844486C}
	EndGlobalSection
EndGlobal
